// !$*UTF8*$!
{
	archiveVersion = 1;
	classes = {
	};
	objectVersion = 50;
	objects = {

/* Begin PBXBuildFile section */
		D602BF9F2625890C003C79DA /* SignInView.swift in Sources */ = {isa = PBXBuildFile; fileRef = D602BF9E2625890C003C79DA /* SignInView.swift */; };
		D62EE7B4267843B500595E17 /* PasswordDate.swift in Sources */ = {isa = PBXBuildFile; fileRef = D62EE7B3267843B500595E17 /* PasswordDate.swift */; };
		D6490205261C02B200A2E0A4 /* SignInViewController.swift in Sources */ = {isa = PBXBuildFile; fileRef = D6490204261C02B200A2E0A4 /* SignInViewController.swift */; };
		D65FF38D2716C58600E4AC11 /* UIBezierFormula.swift in Sources */ = {isa = PBXBuildFile; fileRef = D65FF38C2716C58600E4AC11 /* UIBezierFormula.swift */; };
		D65FF38F2719585F00E4AC11 /* ConfirmationCodeView.swift in Sources */ = {isa = PBXBuildFile; fileRef = D65FF38E2719585F00E4AC11 /* ConfirmationCodeView.swift */; };
		D65FF391271958B200E4AC11 /* confirmationCodeController.swift in Sources */ = {isa = PBXBuildFile; fileRef = D65FF390271958B200E4AC11 /* confirmationCodeController.swift */; };
		D661B15525FD9C6B00ED4D28 /* AppDelegate.swift in Sources */ = {isa = PBXBuildFile; fileRef = D661B15425FD9C6B00ED4D28 /* AppDelegate.swift */; };
		D661B15725FD9C6B00ED4D28 /* SceneDelegate.swift in Sources */ = {isa = PBXBuildFile; fileRef = D661B15625FD9C6B00ED4D28 /* SceneDelegate.swift */; };
		D661B15925FD9C6B00ED4D28 /* ViewController.swift in Sources */ = {isa = PBXBuildFile; fileRef = D661B15825FD9C6B00ED4D28 /* ViewController.swift */; };
		D661B15C25FD9C6B00ED4D28 /* Main.storyboard in Resources */ = {isa = PBXBuildFile; fileRef = D661B15A25FD9C6B00ED4D28 /* Main.storyboard */; };
		D661B15E25FD9C6C00ED4D28 /* Assets.xcassets in Resources */ = {isa = PBXBuildFile; fileRef = D661B15D25FD9C6C00ED4D28 /* Assets.xcassets */; };
		D661B16125FD9C6C00ED4D28 /* LaunchScreen.storyboard in Resources */ = {isa = PBXBuildFile; fileRef = D661B15F25FD9C6C00ED4D28 /* LaunchScreen.storyboard */; };
		D661B16C25FD9C6D00ED4D28 /* ClubSunriseCoastTests.swift in Sources */ = {isa = PBXBuildFile; fileRef = D661B16B25FD9C6D00ED4D28 /* ClubSunriseCoastTests.swift */; };
		D661B17725FD9C6D00ED4D28 /* ClubSunriseCoastUITests.swift in Sources */ = {isa = PBXBuildFile; fileRef = D661B17625FD9C6D00ED4D28 /* ClubSunriseCoastUITests.swift */; };
		D661B19B25FDFD8B00ED4D28 /* SideMenuViewController.swift in Sources */ = {isa = PBXBuildFile; fileRef = D661B19A25FDFD8B00ED4D28 /* SideMenuViewController.swift */; };
		D66FF7EE2668C12700FDBD88 /* CollectionViewCelldataSorce.swift in Sources */ = {isa = PBXBuildFile; fileRef = D66FF7ED2668C12700FDBD88 /* CollectionViewCelldataSorce.swift */; };
		D66FF7F0266DBE0C00FDBD88 /* UIViewanimation.swift in Sources */ = {isa = PBXBuildFile; fileRef = D66FF7EF266DBE0C00FDBD88 /* UIViewanimation.swift */; };
		D6ABC83926D5DFA3007BB7DF /* SignInViewData.swift in Sources */ = {isa = PBXBuildFile; fileRef = D6ABC83826D5DFA3007BB7DF /* SignInViewData.swift */; };
		D6AFFAD826F1F0BC00ED6AE2 /* SignUpViewData.swift in Sources */ = {isa = PBXBuildFile; fileRef = D6AFFAD726F1F0BC00ED6AE2 /* SignUpViewData.swift */; };
		D6B1D78B26689AB70023D24A /* CollectionViewCellData.swift in Sources */ = {isa = PBXBuildFile; fileRef = D6B1D78A26689AB70023D24A /* CollectionViewCellData.swift */; };
		D6B1D78D26689BDD0023D24A /* UICollectionViewCell.swift in Sources */ = {isa = PBXBuildFile; fileRef = D6B1D78C26689BDD0023D24A /* UICollectionViewCell.swift */; };
		D6C0FA3E26E7369A000A0978 /* SemiModalIndicatorView.swift in Sources */ = {isa = PBXBuildFile; fileRef = D6C0FA3D26E7369A000A0978 /* SemiModalIndicatorView.swift */; };
		D6C0FA4026E73B69000A0978 /* SemiModalOverlayView.swift in Sources */ = {isa = PBXBuildFile; fileRef = D6C0FA3F26E73B69000A0978 /* SemiModalOverlayView.swift */; };
		D6C0FA4226E74824000A0978 /* SemiModalPresentationController.swift in Sources */ = {isa = PBXBuildFile; fileRef = D6C0FA4126E74824000A0978 /* SemiModalPresentationController.swift */; };
		D6C0FA4426E761F9000A0978 /* SemiModalDismissAnimatedTransition.swift in Sources */ = {isa = PBXBuildFile; fileRef = D6C0FA4326E761F9000A0978 /* SemiModalDismissAnimatedTransition.swift */; };
		D6CE69CF26DF62CD00F8DA05 /* SignUpViewController.swift in Sources */ = {isa = PBXBuildFile; fileRef = D6CE69CE26DF62CD00F8DA05 /* SignUpViewController.swift */; };
		D6E2F64026DF5ACE00205107 /* SignUpView.swift in Sources */ = {isa = PBXBuildFile; fileRef = D6E2F63F26DF5ACE00205107 /* SignUpView.swift */; };
		D6F23AFC26E5AF4600C094F2 /* SemiModalPresenter.swift in Sources */ = {isa = PBXBuildFile; fileRef = D6F23AFB26E5AF4600C094F2 /* SemiModalPresenter.swift */; };
		D6F23B0026E5F8CA00C094F2 /* SemiModalDismissInteractiveTransition.swift in Sources */ = {isa = PBXBuildFile; fileRef = D6F23AFF26E5F8CA00C094F2 /* SemiModalDismissInteractiveTransition.swift */; };
/* End PBXBuildFile section */

/* Begin PBXContainerItemProxy section */
		D661B16825FD9C6D00ED4D28 /* PBXContainerItemProxy */ = {
			isa = PBXContainerItemProxy;
			containerPortal = D661B14925FD9C6B00ED4D28 /* Project object */;
			proxyType = 1;
			remoteGlobalIDString = D661B15025FD9C6B00ED4D28;
			remoteInfo = ClubSunriseCoast;
		};
		D661B17325FD9C6D00ED4D28 /* PBXContainerItemProxy */ = {
			isa = PBXContainerItemProxy;
			containerPortal = D661B14925FD9C6B00ED4D28 /* Project object */;
			proxyType = 1;
			remoteGlobalIDString = D661B15025FD9C6B00ED4D28;
			remoteInfo = ClubSunriseCoast;
		};
/* End PBXContainerItemProxy section */

/* Begin PBXFileReference section */
		D602BF9E2625890C003C79DA /* SignInView.swift */ = {isa = PBXFileReference; lastKnownFileType = sourcecode.swift; path = SignInView.swift; sourceTree = "<group>"; };
		D62EE7B3267843B500595E17 /* PasswordDate.swift */ = {isa = PBXFileReference; fileEncoding = 4; lastKnownFileType = sourcecode.swift; path = PasswordDate.swift; sourceTree = "<group>"; };
		D6490204261C02B200A2E0A4 /* SignInViewController.swift */ = {isa = PBXFileReference; lastKnownFileType = sourcecode.swift; path = SignInViewController.swift; sourceTree = "<group>"; };
		D65FF38C2716C58600E4AC11 /* UIBezierFormula.swift */ = {isa = PBXFileReference; lastKnownFileType = sourcecode.swift; path = UIBezierFormula.swift; sourceTree = "<group>"; };
		D65FF38E2719585F00E4AC11 /* ConfirmationCodeView.swift */ = {isa = PBXFileReference; lastKnownFileType = sourcecode.swift; path = ConfirmationCodeView.swift; sourceTree = "<group>"; };
		D65FF390271958B200E4AC11 /* confirmationCodeController.swift */ = {isa = PBXFileReference; lastKnownFileType = sourcecode.swift; path = confirmationCodeController.swift; sourceTree = "<group>"; };
		D661B15125FD9C6B00ED4D28 /* ClubSunriseCoast.app */ = {isa = PBXFileReference; explicitFileType = wrapper.application; includeInIndex = 0; path = ClubSunriseCoast.app; sourceTree = BUILT_PRODUCTS_DIR; };
		D661B15425FD9C6B00ED4D28 /* AppDelegate.swift */ = {isa = PBXFileReference; lastKnownFileType = sourcecode.swift; path = AppDelegate.swift; sourceTree = "<group>"; };
		D661B15625FD9C6B00ED4D28 /* SceneDelegate.swift */ = {isa = PBXFileReference; lastKnownFileType = sourcecode.swift; path = SceneDelegate.swift; sourceTree = "<group>"; };
		D661B15825FD9C6B00ED4D28 /* ViewController.swift */ = {isa = PBXFileReference; lastKnownFileType = sourcecode.swift; path = ViewController.swift; sourceTree = "<group>"; };
		D661B15B25FD9C6B00ED4D28 /* Base */ = {isa = PBXFileReference; lastKnownFileType = file.storyboard; name = Base; path = Base.lproj/Main.storyboard; sourceTree = "<group>"; };
		D661B15D25FD9C6C00ED4D28 /* Assets.xcassets */ = {isa = PBXFileReference; lastKnownFileType = folder.assetcatalog; path = Assets.xcassets; sourceTree = "<group>"; };
		D661B16025FD9C6C00ED4D28 /* Base */ = {isa = PBXFileReference; lastKnownFileType = file.storyboard; name = Base; path = Base.lproj/LaunchScreen.storyboard; sourceTree = "<group>"; };
		D661B16225FD9C6C00ED4D28 /* Info.plist */ = {isa = PBXFileReference; lastKnownFileType = text.plist.xml; path = Info.plist; sourceTree = "<group>"; };
		D661B16725FD9C6D00ED4D28 /* ClubSunriseCoastTests.xctest */ = {isa = PBXFileReference; explicitFileType = wrapper.cfbundle; includeInIndex = 0; path = ClubSunriseCoastTests.xctest; sourceTree = BUILT_PRODUCTS_DIR; };
		D661B16B25FD9C6D00ED4D28 /* ClubSunriseCoastTests.swift */ = {isa = PBXFileReference; lastKnownFileType = sourcecode.swift; path = ClubSunriseCoastTests.swift; sourceTree = "<group>"; };
		D661B16D25FD9C6D00ED4D28 /* Info.plist */ = {isa = PBXFileReference; lastKnownFileType = text.plist.xml; path = Info.plist; sourceTree = "<group>"; };
		D661B17225FD9C6D00ED4D28 /* ClubSunriseCoastUITests.xctest */ = {isa = PBXFileReference; explicitFileType = wrapper.cfbundle; includeInIndex = 0; path = ClubSunriseCoastUITests.xctest; sourceTree = BUILT_PRODUCTS_DIR; };
		D661B17625FD9C6D00ED4D28 /* ClubSunriseCoastUITests.swift */ = {isa = PBXFileReference; lastKnownFileType = sourcecode.swift; path = ClubSunriseCoastUITests.swift; sourceTree = "<group>"; };
		D661B17825FD9C6D00ED4D28 /* Info.plist */ = {isa = PBXFileReference; lastKnownFileType = text.plist.xml; path = Info.plist; sourceTree = "<group>"; };
		D661B19A25FDFD8B00ED4D28 /* SideMenuViewController.swift */ = {isa = PBXFileReference; lastKnownFileType = sourcecode.swift; path = SideMenuViewController.swift; sourceTree = "<group>"; };
		D66FF7ED2668C12700FDBD88 /* CollectionViewCelldataSorce.swift */ = {isa = PBXFileReference; lastKnownFileType = sourcecode.swift; path = CollectionViewCelldataSorce.swift; sourceTree = "<group>"; };
		D66FF7EF266DBE0C00FDBD88 /* UIViewanimation.swift */ = {isa = PBXFileReference; lastKnownFileType = sourcecode.swift; path = UIViewanimation.swift; sourceTree = "<group>"; };
		D6ABC83826D5DFA3007BB7DF /* SignInViewData.swift */ = {isa = PBXFileReference; lastKnownFileType = sourcecode.swift; path = SignInViewData.swift; sourceTree = "<group>"; };
		D6AFFAD726F1F0BC00ED6AE2 /* SignUpViewData.swift */ = {isa = PBXFileReference; lastKnownFileType = sourcecode.swift; path = SignUpViewData.swift; sourceTree = "<group>"; };
		D6B1D78A26689AB70023D24A /* CollectionViewCellData.swift */ = {isa = PBXFileReference; lastKnownFileType = sourcecode.swift; path = CollectionViewCellData.swift; sourceTree = "<group>"; };
		D6B1D78C26689BDD0023D24A /* UICollectionViewCell.swift */ = {isa = PBXFileReference; lastKnownFileType = sourcecode.swift; path = UICollectionViewCell.swift; sourceTree = "<group>"; };
		D6C0FA3D26E7369A000A0978 /* SemiModalIndicatorView.swift */ = {isa = PBXFileReference; lastKnownFileType = sourcecode.swift; path = SemiModalIndicatorView.swift; sourceTree = "<group>"; };
		D6C0FA3F26E73B69000A0978 /* SemiModalOverlayView.swift */ = {isa = PBXFileReference; lastKnownFileType = sourcecode.swift; path = SemiModalOverlayView.swift; sourceTree = "<group>"; };
		D6C0FA4126E74824000A0978 /* SemiModalPresentationController.swift */ = {isa = PBXFileReference; lastKnownFileType = sourcecode.swift; path = SemiModalPresentationController.swift; sourceTree = "<group>"; };
		D6C0FA4326E761F9000A0978 /* SemiModalDismissAnimatedTransition.swift */ = {isa = PBXFileReference; lastKnownFileType = sourcecode.swift; path = SemiModalDismissAnimatedTransition.swift; sourceTree = "<group>"; };
		D6CE69CE26DF62CD00F8DA05 /* SignUpViewController.swift */ = {isa = PBXFileReference; lastKnownFileType = sourcecode.swift; path = SignUpViewController.swift; sourceTree = "<group>"; };
		D6E2F63F26DF5ACE00205107 /* SignUpView.swift */ = {isa = PBXFileReference; lastKnownFileType = sourcecode.swift; path = SignUpView.swift; sourceTree = "<group>"; };
		D6F23AFB26E5AF4600C094F2 /* SemiModalPresenter.swift */ = {isa = PBXFileReference; lastKnownFileType = sourcecode.swift; path = SemiModalPresenter.swift; sourceTree = "<group>"; };
		D6F23AFF26E5F8CA00C094F2 /* SemiModalDismissInteractiveTransition.swift */ = {isa = PBXFileReference; lastKnownFileType = sourcecode.swift; path = SemiModalDismissInteractiveTransition.swift; sourceTree = "<group>"; };
/* End PBXFileReference section */

/* Begin PBXFrameworksBuildPhase section */
		D661B14E25FD9C6B00ED4D28 /* Frameworks */ = {
			isa = PBXFrameworksBuildPhase;
			buildActionMask = 2147483647;
			files = (
			);
			runOnlyForDeploymentPostprocessing = 0;
		};
		D661B16425FD9C6D00ED4D28 /* Frameworks */ = {
			isa = PBXFrameworksBuildPhase;
			buildActionMask = 2147483647;
			files = (
			);
			runOnlyForDeploymentPostprocessing = 0;
		};
		D661B16F25FD9C6D00ED4D28 /* Frameworks */ = {
			isa = PBXFrameworksBuildPhase;
			buildActionMask = 2147483647;
			files = (
			);
			runOnlyForDeploymentPostprocessing = 0;
		};
/* End PBXFrameworksBuildPhase section */

/* Begin PBXGroup section */
		D661B14825FD9C6B00ED4D28 = {
			isa = PBXGroup;
			children = (
				D661B15325FD9C6B00ED4D28 /* ClubSunriseCoast */,
				D661B16A25FD9C6D00ED4D28 /* ClubSunriseCoastTests */,
				D661B17525FD9C6D00ED4D28 /* ClubSunriseCoastUITests */,
				D661B15225FD9C6B00ED4D28 /* Products */,
			);
			sourceTree = "<group>";
		};
		D661B15225FD9C6B00ED4D28 /* Products */ = {
			isa = PBXGroup;
			children = (
				D661B15125FD9C6B00ED4D28 /* ClubSunriseCoast.app */,
				D661B16725FD9C6D00ED4D28 /* ClubSunriseCoastTests.xctest */,
				D661B17225FD9C6D00ED4D28 /* ClubSunriseCoastUITests.xctest */,
			);
			name = Products;
			sourceTree = "<group>";
		};
		D661B15325FD9C6B00ED4D28 /* ClubSunriseCoast */ = {
			isa = PBXGroup;
			children = (
				D6F23AFA26E5AF1700C094F2 /* SemiModal */,
				D6E6683A26004A8000CACF14 /* Model */,
				D6E6683B26004A8800CACF14 /* View */,
				D6E6683C26004A8D00CACF14 /* Controller */,
				D661B15F25FD9C6C00ED4D28 /* LaunchScreen.storyboard */,
				D661B16225FD9C6C00ED4D28 /* Info.plist */,
			);
			path = ClubSunriseCoast;
			sourceTree = "<group>";
		};
		D661B16A25FD9C6D00ED4D28 /* ClubSunriseCoastTests */ = {
			isa = PBXGroup;
			children = (
				D661B16B25FD9C6D00ED4D28 /* ClubSunriseCoastTests.swift */,
				D661B16D25FD9C6D00ED4D28 /* Info.plist */,
			);
			path = ClubSunriseCoastTests;
			sourceTree = "<group>";
		};
		D661B17525FD9C6D00ED4D28 /* ClubSunriseCoastUITests */ = {
			isa = PBXGroup;
			children = (
				D661B17625FD9C6D00ED4D28 /* ClubSunriseCoastUITests.swift */,
				D661B17825FD9C6D00ED4D28 /* Info.plist */,
			);
			path = ClubSunriseCoastUITests;
			sourceTree = "<group>";
		};
		D6E6683A26004A8000CACF14 /* Model */ = {
			isa = PBXGroup;
			children = (
				D6B1D78A26689AB70023D24A /* CollectionViewCellData.swift */,
				D66FF7ED2668C12700FDBD88 /* CollectionViewCelldataSorce.swift */,
				D6ABC83826D5DFA3007BB7DF /* SignInViewData.swift */,
				D6AFFAD726F1F0BC00ED6AE2 /* SignUpViewData.swift */,
				D62EE7B3267843B500595E17 /* PasswordDate.swift */,
				D65FF38C2716C58600E4AC11 /* UIBezierFormula.swift */,
			);
			path = Model;
			sourceTree = "<group>";
		};
		D6E6683B26004A8800CACF14 /* View */ = {
			isa = PBXGroup;
			children = (
				D661B15A25FD9C6B00ED4D28 /* Main.storyboard */,
				D661B15D25FD9C6C00ED4D28 /* Assets.xcassets */,
				D66FF7EF266DBE0C00FDBD88 /* UIViewanimation.swift */,
				D602BF9E2625890C003C79DA /* SignInView.swift */,
				D6E2F63F26DF5ACE00205107 /* SignUpView.swift */,
				D65FF38E2719585F00E4AC11 /* ConfirmationCodeView.swift */,
				D6B1D78C26689BDD0023D24A /* UICollectionViewCell.swift */,
			);
			path = View;
			sourceTree = "<group>";
		};
		D6E6683C26004A8D00CACF14 /* Controller */ = {
			isa = PBXGroup;
			children = (
				D661B15825FD9C6B00ED4D28 /* ViewController.swift */,
				D661B19A25FDFD8B00ED4D28 /* SideMenuViewController.swift */,
				D6490204261C02B200A2E0A4 /* SignInViewController.swift */,
				D6CE69CE26DF62CD00F8DA05 /* SignUpViewController.swift */,
				D65FF390271958B200E4AC11 /* confirmationCodeController.swift */,
				D661B15625FD9C6B00ED4D28 /* SceneDelegate.swift */,
				D661B15425FD9C6B00ED4D28 /* AppDelegate.swift */,
			);
			path = Controller;
			sourceTree = "<group>";
		};
		D6F23AFA26E5AF1700C094F2 /* SemiModal */ = {
			isa = PBXGroup;
			children = (
				D6F23AFB26E5AF4600C094F2 /* SemiModalPresenter.swift */,
				D6C0FA4126E74824000A0978 /* SemiModalPresentationController.swift */,
				D6F23AFF26E5F8CA00C094F2 /* SemiModalDismissInteractiveTransition.swift */,
				D6C0FA4326E761F9000A0978 /* SemiModalDismissAnimatedTransition.swift */,
				D6C0FA3D26E7369A000A0978 /* SemiModalIndicatorView.swift */,
				D6C0FA3F26E73B69000A0978 /* SemiModalOverlayView.swift */,
			);
			path = SemiModal;
			sourceTree = "<group>";
		};
/* End PBXGroup section */

/* Begin PBXNativeTarget section */
		D661B15025FD9C6B00ED4D28 /* ClubSunriseCoast */ = {
			isa = PBXNativeTarget;
			buildConfigurationList = D661B17B25FD9C6D00ED4D28 /* Build configuration list for PBXNativeTarget "ClubSunriseCoast" */;
			buildPhases = (
				D661B14D25FD9C6B00ED4D28 /* Sources */,
				D661B14E25FD9C6B00ED4D28 /* Frameworks */,
				D661B14F25FD9C6B00ED4D28 /* Resources */,
			);
			buildRules = (
			);
			dependencies = (
			);
			name = ClubSunriseCoast;
			productName = ClubSunriseCoast;
			productReference = D661B15125FD9C6B00ED4D28 /* ClubSunriseCoast.app */;
			productType = "com.apple.product-type.application";
		};
		D661B16625FD9C6D00ED4D28 /* ClubSunriseCoastTests */ = {
			isa = PBXNativeTarget;
			buildConfigurationList = D661B17E25FD9C6D00ED4D28 /* Build configuration list for PBXNativeTarget "ClubSunriseCoastTests" */;
			buildPhases = (
				D661B16325FD9C6D00ED4D28 /* Sources */,
				D661B16425FD9C6D00ED4D28 /* Frameworks */,
				D661B16525FD9C6D00ED4D28 /* Resources */,
			);
			buildRules = (
			);
			dependencies = (
				D661B16925FD9C6D00ED4D28 /* PBXTargetDependency */,
			);
			name = ClubSunriseCoastTests;
			productName = ClubSunriseCoastTests;
			productReference = D661B16725FD9C6D00ED4D28 /* ClubSunriseCoastTests.xctest */;
			productType = "com.apple.product-type.bundle.unit-test";
		};
		D661B17125FD9C6D00ED4D28 /* ClubSunriseCoastUITests */ = {
			isa = PBXNativeTarget;
			buildConfigurationList = D661B18125FD9C6D00ED4D28 /* Build configuration list for PBXNativeTarget "ClubSunriseCoastUITests" */;
			buildPhases = (
				D661B16E25FD9C6D00ED4D28 /* Sources */,
				D661B16F25FD9C6D00ED4D28 /* Frameworks */,
				D661B17025FD9C6D00ED4D28 /* Resources */,
			);
			buildRules = (
			);
			dependencies = (
				D661B17425FD9C6D00ED4D28 /* PBXTargetDependency */,
			);
			name = ClubSunriseCoastUITests;
			productName = ClubSunriseCoastUITests;
			productReference = D661B17225FD9C6D00ED4D28 /* ClubSunriseCoastUITests.xctest */;
			productType = "com.apple.product-type.bundle.ui-testing";
		};
/* End PBXNativeTarget section */

/* Begin PBXProject section */
		D661B14925FD9C6B00ED4D28 /* Project object */ = {
			isa = PBXProject;
			attributes = {
				LastSwiftUpdateCheck = 1240;
				LastUpgradeCheck = 1240;
				TargetAttributes = {
					D661B15025FD9C6B00ED4D28 = {
						CreatedOnToolsVersion = 12.4;
					};
					D661B16625FD9C6D00ED4D28 = {
						CreatedOnToolsVersion = 12.4;
						TestTargetID = D661B15025FD9C6B00ED4D28;
					};
					D661B17125FD9C6D00ED4D28 = {
						CreatedOnToolsVersion = 12.4;
						TestTargetID = D661B15025FD9C6B00ED4D28;
					};
				};
			};
			buildConfigurationList = D661B14C25FD9C6B00ED4D28 /* Build configuration list for PBXProject "ClubSunriseCoast" */;
			compatibilityVersion = "Xcode 9.3";
			developmentRegion = en;
			hasScannedForEncodings = 0;
			knownRegions = (
				en,
				Base,
			);
			mainGroup = D661B14825FD9C6B00ED4D28;
			productRefGroup = D661B15225FD9C6B00ED4D28 /* Products */;
			projectDirPath = "";
			projectRoot = "";
			targets = (
				D661B15025FD9C6B00ED4D28 /* ClubSunriseCoast */,
				D661B16625FD9C6D00ED4D28 /* ClubSunriseCoastTests */,
				D661B17125FD9C6D00ED4D28 /* ClubSunriseCoastUITests */,
			);
		};
/* End PBXProject section */

/* Begin PBXResourcesBuildPhase section */
		D661B14F25FD9C6B00ED4D28 /* Resources */ = {
			isa = PBXResourcesBuildPhase;
			buildActionMask = 2147483647;
			files = (
				D661B16125FD9C6C00ED4D28 /* LaunchScreen.storyboard in Resources */,
				D661B15E25FD9C6C00ED4D28 /* Assets.xcassets in Resources */,
				D661B15C25FD9C6B00ED4D28 /* Main.storyboard in Resources */,
			);
			runOnlyForDeploymentPostprocessing = 0;
		};
		D661B16525FD9C6D00ED4D28 /* Resources */ = {
			isa = PBXResourcesBuildPhase;
			buildActionMask = 2147483647;
			files = (
			);
			runOnlyForDeploymentPostprocessing = 0;
		};
		D661B17025FD9C6D00ED4D28 /* Resources */ = {
			isa = PBXResourcesBuildPhase;
			buildActionMask = 2147483647;
			files = (
			);
			runOnlyForDeploymentPostprocessing = 0;
		};
/* End PBXResourcesBuildPhase section */

/* Begin PBXSourcesBuildPhase section */
		D661B14D25FD9C6B00ED4D28 /* Sources */ = {
			isa = PBXSourcesBuildPhase;
			buildActionMask = 2147483647;
			files = (
				D661B15925FD9C6B00ED4D28 /* ViewController.swift in Sources */,
				D6E2F64026DF5ACE00205107 /* SignUpView.swift in Sources */,
				D6B1D78D26689BDD0023D24A /* UICollectionViewCell.swift in Sources */,
				D6B1D78B26689AB70023D24A /* CollectionViewCellData.swift in Sources */,
				D6C0FA4426E761F9000A0978 /* SemiModalDismissAnimatedTransition.swift in Sources */,
				D6490205261C02B200A2E0A4 /* SignInViewController.swift in Sources */,
				D661B15525FD9C6B00ED4D28 /* AppDelegate.swift in Sources */,
				D65FF38D2716C58600E4AC11 /* UIBezierFormula.swift in Sources */,
				D6F23B0026E5F8CA00C094F2 /* SemiModalDismissInteractiveTransition.swift in Sources */,
				D66FF7EE2668C12700FDBD88 /* CollectionViewCelldataSorce.swift in Sources */,
				D6C0FA4226E74824000A0978 /* SemiModalPresentationController.swift in Sources */,
				D6AFFAD826F1F0BC00ED6AE2 /* SignUpViewData.swift in Sources */,
				D6ABC83926D5DFA3007BB7DF /* SignInViewData.swift in Sources */,
				D6CE69CF26DF62CD00F8DA05 /* SignUpViewController.swift in Sources */,
				D602BF9F2625890C003C79DA /* SignInView.swift in Sources */,
				D66FF7F0266DBE0C00FDBD88 /* UIViewanimation.swift in Sources */,
				D62EE7B4267843B500595E17 /* PasswordDate.swift in Sources */,
				D661B19B25FDFD8B00ED4D28 /* SideMenuViewController.swift in Sources */,
				D6C0FA3E26E7369A000A0978 /* SemiModalIndicatorView.swift in Sources */,
				D6C0FA4026E73B69000A0978 /* SemiModalOverlayView.swift in Sources */,
				D65FF38F2719585F00E4AC11 /* ConfirmationCodeView.swift in Sources */,
				D661B15725FD9C6B00ED4D28 /* SceneDelegate.swift in Sources */,
				D65FF391271958B200E4AC11 /* confirmationCodeController.swift in Sources */,
				D6F23AFC26E5AF4600C094F2 /* SemiModalPresenter.swift in Sources */,
			);
			runOnlyForDeploymentPostprocessing = 0;
		};
		D661B16325FD9C6D00ED4D28 /* Sources */ = {
			isa = PBXSourcesBuildPhase;
			buildActionMask = 2147483647;
			files = (
				D661B16C25FD9C6D00ED4D28 /* ClubSunriseCoastTests.swift in Sources */,
			);
			runOnlyForDeploymentPostprocessing = 0;
		};
		D661B16E25FD9C6D00ED4D28 /* Sources */ = {
			isa = PBXSourcesBuildPhase;
			buildActionMask = 2147483647;
			files = (
				D661B17725FD9C6D00ED4D28 /* ClubSunriseCoastUITests.swift in Sources */,
			);
			runOnlyForDeploymentPostprocessing = 0;
		};
/* End PBXSourcesBuildPhase section */

/* Begin PBXTargetDependency section */
		D661B16925FD9C6D00ED4D28 /* PBXTargetDependency */ = {
			isa = PBXTargetDependency;
			target = D661B15025FD9C6B00ED4D28 /* ClubSunriseCoast */;
			targetProxy = D661B16825FD9C6D00ED4D28 /* PBXContainerItemProxy */;
		};
		D661B17425FD9C6D00ED4D28 /* PBXTargetDependency */ = {
			isa = PBXTargetDependency;
			target = D661B15025FD9C6B00ED4D28 /* ClubSunriseCoast */;
			targetProxy = D661B17325FD9C6D00ED4D28 /* PBXContainerItemProxy */;
		};
/* End PBXTargetDependency section */

/* Begin PBXVariantGroup section */
		D661B15A25FD9C6B00ED4D28 /* Main.storyboard */ = {
			isa = PBXVariantGroup;
			children = (
				D661B15B25FD9C6B00ED4D28 /* Base */,
			);
			name = Main.storyboard;
			sourceTree = "<group>";
		};
		D661B15F25FD9C6C00ED4D28 /* LaunchScreen.storyboard */ = {
			isa = PBXVariantGroup;
			children = (
				D661B16025FD9C6C00ED4D28 /* Base */,
			);
			name = LaunchScreen.storyboard;
			sourceTree = "<group>";
		};
/* End PBXVariantGroup section */

/* Begin XCBuildConfiguration section */
		D661B17925FD9C6D00ED4D28 /* Debug */ = {
			isa = XCBuildConfiguration;
			buildSettings = {
				ALWAYS_SEARCH_USER_PATHS = NO;
				CLANG_ANALYZER_NONNULL = YES;
				CLANG_ANALYZER_NUMBER_OBJECT_CONVERSION = YES_AGGRESSIVE;
				CLANG_CXX_LANGUAGE_STANDARD = "gnu++14";
				CLANG_CXX_LIBRARY = "libc++";
				CLANG_ENABLE_MODULES = YES;
				CLANG_ENABLE_OBJC_ARC = YES;
				CLANG_ENABLE_OBJC_WEAK = YES;
				CLANG_WARN_BLOCK_CAPTURE_AUTORELEASING = YES;
				CLANG_WARN_BOOL_CONVERSION = YES;
				CLANG_WARN_COMMA = YES;
				CLANG_WARN_CONSTANT_CONVERSION = YES;
				CLANG_WARN_DEPRECATED_OBJC_IMPLEMENTATIONS = YES;
				CLANG_WARN_DIRECT_OBJC_ISA_USAGE = YES_ERROR;
				CLANG_WARN_DOCUMENTATION_COMMENTS = YES;
				CLANG_WARN_EMPTY_BODY = YES;
				CLANG_WARN_ENUM_CONVERSION = YES;
				CLANG_WARN_INFINITE_RECURSION = YES;
				CLANG_WARN_INT_CONVERSION = YES;
				CLANG_WARN_NON_LITERAL_NULL_CONVERSION = YES;
				CLANG_WARN_OBJC_IMPLICIT_RETAIN_SELF = YES;
				CLANG_WARN_OBJC_LITERAL_CONVERSION = YES;
				CLANG_WARN_OBJC_ROOT_CLASS = YES_ERROR;
				CLANG_WARN_QUOTED_INCLUDE_IN_FRAMEWORK_HEADER = YES;
				CLANG_WARN_RANGE_LOOP_ANALYSIS = YES;
				CLANG_WARN_STRICT_PROTOTYPES = YES;
				CLANG_WARN_SUSPICIOUS_MOVE = YES;
				CLANG_WARN_UNGUARDED_AVAILABILITY = YES_AGGRESSIVE;
				CLANG_WARN_UNREACHABLE_CODE = YES;
				CLANG_WARN__DUPLICATE_METHOD_MATCH = YES;
				COPY_PHASE_STRIP = NO;
				DEBUG_INFORMATION_FORMAT = dwarf;
				ENABLE_STRICT_OBJC_MSGSEND = YES;
				ENABLE_TESTABILITY = YES;
				GCC_C_LANGUAGE_STANDARD = gnu11;
				GCC_DYNAMIC_NO_PIC = NO;
				GCC_NO_COMMON_BLOCKS = YES;
				GCC_OPTIMIZATION_LEVEL = 0;
				GCC_PREPROCESSOR_DEFINITIONS = (
					"DEBUG=1",
					"$(inherited)",
				);
				GCC_WARN_64_TO_32_BIT_CONVERSION = YES;
				GCC_WARN_ABOUT_RETURN_TYPE = YES_ERROR;
				GCC_WARN_UNDECLARED_SELECTOR = YES;
				GCC_WARN_UNINITIALIZED_AUTOS = YES_AGGRESSIVE;
				GCC_WARN_UNUSED_FUNCTION = YES;
				GCC_WARN_UNUSED_VARIABLE = YES;
				IPHONEOS_DEPLOYMENT_TARGET = 14.4;
				MTL_ENABLE_DEBUG_INFO = INCLUDE_SOURCE;
				MTL_FAST_MATH = YES;
				ONLY_ACTIVE_ARCH = YES;
				SDKROOT = iphoneos;
				SWIFT_ACTIVE_COMPILATION_CONDITIONS = DEBUG;
				SWIFT_OPTIMIZATION_LEVEL = "-Onone";
			};
			name = Debug;
		};
		D661B17A25FD9C6D00ED4D28 /* Release */ = {
			isa = XCBuildConfiguration;
			buildSettings = {
				ALWAYS_SEARCH_USER_PATHS = NO;
				CLANG_ANALYZER_NONNULL = YES;
				CLANG_ANALYZER_NUMBER_OBJECT_CONVERSION = YES_AGGRESSIVE;
				CLANG_CXX_LANGUAGE_STANDARD = "gnu++14";
				CLANG_CXX_LIBRARY = "libc++";
				CLANG_ENABLE_MODULES = YES;
				CLANG_ENABLE_OBJC_ARC = YES;
				CLANG_ENABLE_OBJC_WEAK = YES;
				CLANG_WARN_BLOCK_CAPTURE_AUTORELEASING = YES;
				CLANG_WARN_BOOL_CONVERSION = YES;
				CLANG_WARN_COMMA = YES;
				CLANG_WARN_CONSTANT_CONVERSION = YES;
				CLANG_WARN_DEPRECATED_OBJC_IMPLEMENTATIONS = YES;
				CLANG_WARN_DIRECT_OBJC_ISA_USAGE = YES_ERROR;
				CLANG_WARN_DOCUMENTATION_COMMENTS = YES;
				CLANG_WARN_EMPTY_BODY = YES;
				CLANG_WARN_ENUM_CONVERSION = YES;
				CLANG_WARN_INFINITE_RECURSION = YES;
				CLANG_WARN_INT_CONVERSION = YES;
				CLANG_WARN_NON_LITERAL_NULL_CONVERSION = YES;
				CLANG_WARN_OBJC_IMPLICIT_RETAIN_SELF = YES;
				CLANG_WARN_OBJC_LITERAL_CONVERSION = YES;
				CLANG_WARN_OBJC_ROOT_CLASS = YES_ERROR;
				CLANG_WARN_QUOTED_INCLUDE_IN_FRAMEWORK_HEADER = YES;
				CLANG_WARN_RANGE_LOOP_ANALYSIS = YES;
				CLANG_WARN_STRICT_PROTOTYPES = YES;
				CLANG_WARN_SUSPICIOUS_MOVE = YES;
				CLANG_WARN_UNGUARDED_AVAILABILITY = YES_AGGRESSIVE;
				CLANG_WARN_UNREACHABLE_CODE = YES;
				CLANG_WARN__DUPLICATE_METHOD_MATCH = YES;
				COPY_PHASE_STRIP = NO;
				DEBUG_INFORMATION_FORMAT = "dwarf-with-dsym";
				ENABLE_NS_ASSERTIONS = NO;
				ENABLE_STRICT_OBJC_MSGSEND = YES;
				GCC_C_LANGUAGE_STANDARD = gnu11;
				GCC_NO_COMMON_BLOCKS = YES;
				GCC_WARN_64_TO_32_BIT_CONVERSION = YES;
				GCC_WARN_ABOUT_RETURN_TYPE = YES_ERROR;
				GCC_WARN_UNDECLARED_SELECTOR = YES;
				GCC_WARN_UNINITIALIZED_AUTOS = YES_AGGRESSIVE;
				GCC_WARN_UNUSED_FUNCTION = YES;
				GCC_WARN_UNUSED_VARIABLE = YES;
				IPHONEOS_DEPLOYMENT_TARGET = 14.4;
				MTL_ENABLE_DEBUG_INFO = NO;
				MTL_FAST_MATH = YES;
				SDKROOT = iphoneos;
				SWIFT_COMPILATION_MODE = wholemodule;
				SWIFT_OPTIMIZATION_LEVEL = "-O";
				VALIDATE_PRODUCT = YES;
			};
			name = Release;
		};
		D661B17C25FD9C6D00ED4D28 /* Debug */ = {
			isa = XCBuildConfiguration;
			buildSettings = {
				ASSETCATALOG_COMPILER_APPICON_NAME = AppIcon;
				ASSETCATALOG_COMPILER_GLOBAL_ACCENT_COLOR_NAME = AccentColor;
				CODE_SIGN_STYLE = Automatic;
				DEVELOPMENT_TEAM = MS365LSR9U;
				INFOPLIST_FILE = ClubSunriseCoast/Info.plist;
				LD_RUNPATH_SEARCH_PATHS = (
					"$(inherited)",
					"@executable_path/Frameworks",
				);
				PRODUCT_BUNDLE_IDENTIFIER = "Black-Vual.ClubSunriseCoast";
				PRODUCT_NAME = "$(TARGET_NAME)";
				SWIFT_VERSION = 5.0;
				TARGETED_DEVICE_FAMILY = 1;
			};
			name = Debug;
		};
		D661B17D25FD9C6D00ED4D28 /* Release */ = {
			isa = XCBuildConfiguration;
			buildSettings = {
				ASSETCATALOG_COMPILER_APPICON_NAME = AppIcon;
				ASSETCATALOG_COMPILER_GLOBAL_ACCENT_COLOR_NAME = AccentColor;
				CODE_SIGN_STYLE = Automatic;
				DEVELOPMENT_TEAM = MS365LSR9U;
				INFOPLIST_FILE = ClubSunriseCoast/Info.plist;
				LD_RUNPATH_SEARCH_PATHS = (
					"$(inherited)",
					"@executable_path/Frameworks",
				);
				PRODUCT_BUNDLE_IDENTIFIER = "Black-Vual.ClubSunriseCoast";
				PRODUCT_NAME = "$(TARGET_NAME)";
				SWIFT_VERSION = 5.0;
				TARGETED_DEVICE_FAMILY = 1;
			};
			name = Release;
		};
		D661B17F25FD9C6D00ED4D28 /* Debug */ = {
			isa = XCBuildConfiguration;
			buildSettings = {
				ALWAYS_EMBED_SWIFT_STANDARD_LIBRARIES = YES;
				BUNDLE_LOADER = "$(TEST_HOST)";
				CODE_SIGN_STYLE = Automatic;
				DEVELOPMENT_TEAM = MS365LSR9U;
				INFOPLIST_FILE = ClubSunriseCoastTests/Info.plist;
				IPHONEOS_DEPLOYMENT_TARGET = 14.4;
				LD_RUNPATH_SEARCH_PATHS = (
					"$(inherited)",
					"@executable_path/Frameworks",
					"@loader_path/Frameworks",
				);
				PRODUCT_BUNDLE_IDENTIFIER = "Black-Vual.ClubSunriseCoastTests";
				PRODUCT_NAME = "$(TARGET_NAME)";
				SWIFT_VERSION = 5.0;
				TARGETED_DEVICE_FAMILY = "1,2";
				TEST_HOST = "$(BUILT_PRODUCTS_DIR)/ClubSunriseCoast.app/ClubSunriseCoast";
			};
			name = Debug;
		};
		D661B18025FD9C6D00ED4D28 /* Release */ = {
			isa = XCBuildConfiguration;
			buildSettings = {
				ALWAYS_EMBED_SWIFT_STANDARD_LIBRARIES = YES;
				BUNDLE_LOADER = "$(TEST_HOST)";
				CODE_SIGN_STYLE = Automatic;
				DEVELOPMENT_TEAM = MS365LSR9U;
				INFOPLIST_FILE = ClubSunriseCoastTests/Info.plist;
				IPHONEOS_DEPLOYMENT_TARGET = 14.4;
				LD_RUNPATH_SEARCH_PATHS = (
					"$(inherited)",
					"@executable_path/Frameworks",
					"@loader_path/Frameworks",
				);
				PRODUCT_BUNDLE_IDENTIFIER = "Black-Vual.ClubSunriseCoastTests";
				PRODUCT_NAME = "$(TARGET_NAME)";
				SWIFT_VERSION = 5.0;
				TARGETED_DEVICE_FAMILY = "1,2";
				TEST_HOST = "$(BUILT_PRODUCTS_DIR)/ClubSunriseCoast.app/ClubSunriseCoast";
			};
			name = Release;
		};
		D661B18225FD9C6D00ED4D28 /* Debug */ = {
			isa = XCBuildConfiguration;
			buildSettings = {
				ALWAYS_EMBED_SWIFT_STANDARD_LIBRARIES = YES;
				CODE_SIGN_STYLE = Automatic;
				DEVELOPMENT_TEAM = MS365LSR9U;
				INFOPLIST_FILE = ClubSunriseCoastUITests/Info.plist;
				LD_RUNPATH_SEARCH_PATHS = (
					"$(inherited)",
					"@executable_path/Frameworks",
					"@loader_path/Frameworks",
				);
				PRODUCT_BUNDLE_IDENTIFIER = "Black-Vual.ClubSunriseCoastUITests";
				PRODUCT_NAME = "$(TARGET_NAME)";
				SWIFT_VERSION = 5.0;
				TARGETED_DEVICE_FAMILY = "1,2";
				TEST_TARGET_NAME = ClubSunriseCoast;
			};
			name = Debug;
		};
		D661B18325FD9C6D00ED4D28 /* Release */ = {
			isa = XCBuildConfiguration;
			buildSettings = {
				ALWAYS_EMBED_SWIFT_STANDARD_LIBRARIES = YES;
				CODE_SIGN_STYLE = Automatic;
				DEVELOPMENT_TEAM = MS365LSR9U;
				INFOPLIST_FILE = ClubSunriseCoastUITests/Info.plist;
				LD_RUNPATH_SEARCH_PATHS = (
					"$(inherited)",
					"@executable_path/Frameworks",
					"@loader_path/Frameworks",
				);
				PRODUCT_BUNDLE_IDENTIFIER = "Black-Vual.ClubSunriseCoastUITests";
				PRODUCT_NAME = "$(TARGET_NAME)";
				SWIFT_VERSION = 5.0;
				TARGETED_DEVICE_FAMILY = "1,2";
				TEST_TARGET_NAME = ClubSunriseCoast;
			};
			name = Release;
		};
/* End XCBuildConfiguration section */

/* Begin XCConfigurationList section */
		D661B14C25FD9C6B00ED4D28 /* Build configuration list for PBXProject "ClubSunriseCoast" */ = {
			isa = XCConfigurationList;
			buildConfigurations = (
				D661B17925FD9C6D00ED4D28 /* Debug */,
				D661B17A25FD9C6D00ED4D28 /* Release */,
			);
			defaultConfigurationIsVisible = 0;
			defaultConfigurationName = Release;
		};
		D661B17B25FD9C6D00ED4D28 /* Build configuration list for PBXNativeTarget "ClubSunriseCoast" */ = {
			isa = XCConfigurationList;
			buildConfigurations = (
				D661B17C25FD9C6D00ED4D28 /* Debug */,
				D661B17D25FD9C6D00ED4D28 /* Release */,
			);
			defaultConfigurationIsVisible = 0;
			defaultConfigurationName = Release;
		};
		D661B17E25FD9C6D00ED4D28 /* Build configuration list for PBXNativeTarget "ClubSunriseCoastTests" */ = {
			isa = XCConfigurationList;
			buildConfigurations = (
				D661B17F25FD9C6D00ED4D28 /* Debug */,
				D661B18025FD9C6D00ED4D28 /* Release */,
			);
			defaultConfigurationIsVisible = 0;
			defaultConfigurationName = Release;
		};
		D661B18125FD9C6D00ED4D28 /* Build configuration list for PBXNativeTarget "ClubSunriseCoastUITests" */ = {
			isa = XCConfigurationList;
			buildConfigurations = (
				D661B18225FD9C6D00ED4D28 /* Debug */,
				D661B18325FD9C6D00ED4D28 /* Release */,
			);
			defaultConfigurationIsVisible = 0;
			defaultConfigurationName = Release;
		};
/* End XCConfigurationList section */
	};
	rootObject = D661B14925FD9C6B00ED4D28 /* Project object */;
}
